
Microsoft Visual Studio Solution File, Format Version 12.00
# Visual Studio 15
VisualStudioVersion = 15.0.28307.960
MinimumVisualStudioVersion = 10.0.40219.1
Project("{FAE04EC0-301F-11D3-BF4B-00C04F79EFBC}") = "Prueba_Cinte", "Prueba_Cinte\Prueba_Cinte.csproj", "{45E0DAB1-41C6-4725-972B-9E3C2D850611}"
EndProject
Project("{FAE04EC0-301F-11D3-BF4B-00C04F79EFBC}") = "FrontCinte", "FrontCinte\FrontCinte.csproj", "{5616FB3C-B274-4E7E-A90F-E45F58252D76}"
EndProject
Global
	GlobalSection(SolutionConfigurationPlatforms) = preSolution
		Debug|Any CPU = Debug|Any CPU
		Release|Any CPU = Release|Any CPU
	EndGlobalSection
	GlobalSection(ProjectConfigurationPlatforms) = postSolution
		{45E0DAB1-41C6-4725-972B-9E3C2D850611}.Debug|Any CPU.ActiveCfg = Debug|Any CPU
		{45E0DAB1-41C6-4725-972B-9E3C2D850611}.Debug|Any CPU.Build.0 = Debug|Any CPU
		{45E0DAB1-41C6-4725-972B-9E3C2D850611}.Release|Any CPU.ActiveCfg = Release|Any CPU
		{45E0DAB1-41C6-4725-972B-9E3C2D850611}.Release|Any CPU.Build.0 = Release|Any CPU
		{5616FB3C-B274-4E7E-A90F-E45F58252D76}.Debug|Any CPU.ActiveCfg = Debug|Any CPU
		{5616FB3C-B274-4E7E-A90F-E45F58252D76}.Debug|Any CPU.Build.0 = Debug|Any CPU
		{5616FB3C-B274-4E7E-A90F-E45F58252D76}.Release|Any CPU.ActiveCfg = Release|Any CPU
		{5616FB3C-B274-4E7E-A90F-E45F58252D76}.Release|Any CPU.Build.0 = Release|Any CPU
	EndGlobalSection
	GlobalSection(SolutionProperties) = preSolution
		HideSolutionNode = FALSE
	EndGlobalSection
	GlobalSection(ExtensibilityGlobals) = postSolution
		SolutionGuid = {AB1259A1-C25B-42A7-A457-8D045E423E08}
	EndGlobalSection
EndGlobal
